
Microsoft Visual Studio Solution File, Format Version 12.00
# Visual Studio Version 16
VisualStudioVersion = 16.0.31025.194
MinimumVisualStudioVersion = 10.0.40219.1
Project("{9A19103F-16F7-4668-BE54-9A1E7A4F7556}") = "BetCR.Web", "BetCR.Web\BetCR.Web.csproj", "{C2B0BFB6-EBB4-438D-A3BC-7208E6722F71}"
EndProject
Project("{9A19103F-16F7-4668-BE54-9A1E7A4F7556}") = "BetCR.Services", "BetCR.Services\BetCR.Services.csproj", "{760BAD55-A28D-4C00-B3E5-495375655932}"
EndProject
Project("{9A19103F-16F7-4668-BE54-9A1E7A4F7556}") = "BetCR.Caching", "BetCR.Caching\BetCR.Caching.csproj", "{CAD8C358-50F7-4CF4-9B9E-D2A567CDE03B}"
EndProject
Project("{9A19103F-16F7-4668-BE54-9A1E7A4F7556}") = "BetCR.Library", "BetCR.Library\BetCR.Library.csproj", "{D5132D4C-FBFB-48F3-B906-DFF540BFCE75}"
EndProject
Project("{9A19103F-16F7-4668-BE54-9A1E7A4F7556}") = "BetCR.Repository", "BetCR.Repository\BetCR.Repository.csproj", "{38E53DF1-5CE1-48F4-9F81-91686BB202D9}"
EndProject
Project("{FAE04EC0-301F-11D3-BF4B-00C04F79EFBC}") = "BetCR.Scheduled", "BetCR.Scheduled\BetCR.Scheduled.csproj", "{FB64C680-4F1B-4EFB-9925-37C8829B9B9A}"
EndProject
Global
	GlobalSection(SolutionConfigurationPlatforms) = preSolution
		Debug|Any CPU = Debug|Any CPU
		Release|Any CPU = Release|Any CPU
	EndGlobalSection
	GlobalSection(ProjectConfigurationPlatforms) = postSolution
		{C2B0BFB6-EBB4-438D-A3BC-7208E6722F71}.Debug|Any CPU.ActiveCfg = Debug|Any CPU
		{C2B0BFB6-EBB4-438D-A3BC-7208E6722F71}.Debug|Any CPU.Build.0 = Debug|Any CPU
		{C2B0BFB6-EBB4-438D-A3BC-7208E6722F71}.Release|Any CPU.ActiveCfg = Release|Any CPU
		{C2B0BFB6-EBB4-438D-A3BC-7208E6722F71}.Release|Any CPU.Build.0 = Release|Any CPU
		{760BAD55-A28D-4C00-B3E5-495375655932}.Debug|Any CPU.ActiveCfg = Debug|Any CPU
		{760BAD55-A28D-4C00-B3E5-495375655932}.Debug|Any CPU.Build.0 = Debug|Any CPU
		{760BAD55-A28D-4C00-B3E5-495375655932}.Release|Any CPU.ActiveCfg = Release|Any CPU
		{760BAD55-A28D-4C00-B3E5-495375655932}.Release|Any CPU.Build.0 = Release|Any CPU
		{CAD8C358-50F7-4CF4-9B9E-D2A567CDE03B}.Debug|Any CPU.ActiveCfg = Debug|Any CPU
		{CAD8C358-50F7-4CF4-9B9E-D2A567CDE03B}.Debug|Any CPU.Build.0 = Debug|Any CPU
		{CAD8C358-50F7-4CF4-9B9E-D2A567CDE03B}.Release|Any CPU.ActiveCfg = Release|Any CPU
		{CAD8C358-50F7-4CF4-9B9E-D2A567CDE03B}.Release|Any CPU.Build.0 = Release|Any CPU
		{D5132D4C-FBFB-48F3-B906-DFF540BFCE75}.Debug|Any CPU.ActiveCfg = Debug|Any CPU
		{D5132D4C-FBFB-48F3-B906-DFF540BFCE75}.Debug|Any CPU.Build.0 = Debug|Any CPU
		{D5132D4C-FBFB-48F3-B906-DFF540BFCE75}.Release|Any CPU.ActiveCfg = Release|Any CPU
		{D5132D4C-FBFB-48F3-B906-DFF540BFCE75}.Release|Any CPU.Build.0 = Release|Any CPU
		{38E53DF1-5CE1-48F4-9F81-91686BB202D9}.Debug|Any CPU.ActiveCfg = Debug|Any CPU
		{38E53DF1-5CE1-48F4-9F81-91686BB202D9}.Debug|Any CPU.Build.0 = Debug|Any CPU
		{38E53DF1-5CE1-48F4-9F81-91686BB202D9}.Release|Any CPU.ActiveCfg = Release|Any CPU
		{38E53DF1-5CE1-48F4-9F81-91686BB202D9}.Release|Any CPU.Build.0 = Release|Any CPU
		{FB64C680-4F1B-4EFB-9925-37C8829B9B9A}.Debug|Any CPU.ActiveCfg = Debug|Any CPU
		{FB64C680-4F1B-4EFB-9925-37C8829B9B9A}.Debug|Any CPU.Build.0 = Debug|Any CPU
		{FB64C680-4F1B-4EFB-9925-37C8829B9B9A}.Release|Any CPU.ActiveCfg = Release|Any CPU
		{FB64C680-4F1B-4EFB-9925-37C8829B9B9A}.Release|Any CPU.Build.0 = Release|Any CPU
	EndGlobalSection
	GlobalSection(SolutionProperties) = preSolution
		HideSolutionNode = FALSE
	EndGlobalSection
	GlobalSection(ExtensibilityGlobals) = postSolution
		SolutionGuid = {858196B3-E65B-43FF-97F5-036D0AC06F93}
	EndGlobalSection
EndGlobal
